
Microsoft Visual Studio Solution File, Format Version 12.00
# Visual Studio Version 17
VisualStudioVersion = 17.14.37502.11 d17.14
MinimumVisualStudioVersion = 10.0.40219.1
Project("{FAE04EC0-301F-11D3-BF4B-00C04F79EFBC}") = "day08", "day08\day08.csproj", "{18142137-4FBA-4FD7-882A-FBF74B95202A}"
EndProject
Global
	GlobalSection(SolutionConfigurationPlatforms) = preSolution
		Debug|Any CPU = Debug|Any CPU
		Release|Any CPU = Release|Any CPU
	EndGlobalSection
	GlobalSection(ProjectConfigurationPlatforms) = postSolution
		{18142137-4FBA-4FD7-882A-FBF74B95202A}.Debug|Any CPU.ActiveCfg = Debug|Any CPU
		{18142137-4FBA-4FD7-882A-FBF74B95202A}.Debug|Any CPU.Build.0 = Debug|Any CPU
		{18142137-4FBA-4FD7-882A-FBF74B95202A}.Release|Any CPU.ActiveCfg = Release|Any CPU
		{18142137-4FBA-4FD7-882A-FBF74B95202A}.Release|Any CPU.Build.0 = Release|Any CPU
	EndGlobalSection
	GlobalSection(SolutionProperties) = preSolution
		HideSolutionNode = FALSE
	EndGlobalSection
	GlobalSection(ExtensibilityGlobals) = postSolution
		SolutionGuid = {BD909367-783D-404A-87BC-871E07509016}
	EndGlobalSection
EndGlobal
